
Microsoft Visual Studio Solution File, Format Version 12.00
# Visual Studio 15
VisualStudioVersion = 15.0.27004.2005
MinimumVisualStudioVersion = 10.0.40219.1
Project("{FAE04EC0-301F-11D3-BF4B-00C04F79EFBC}") = "Lab07", "Lab07\Lab07.csproj", "{F2C2DC6B-7DA2-4D45-B537-C5B04A1B56D3}"
EndProject
Global
	GlobalSection(SolutionConfigurationPlatforms) = preSolution
		Debug|Any CPU = Debug|Any CPU
		Release|Any CPU = Release|Any CPU
	EndGlobalSection
	GlobalSection(ProjectConfigurationPlatforms) = postSolution
		{F2C2DC6B-7DA2-4D45-B537-C5B04A1B56D3}.Debug|Any CPU.ActiveCfg = Debug|Any CPU
		{F2C2DC6B-7DA2-4D45-B537-C5B04A1B56D3}.Debug|Any CPU.Build.0 = Debug|Any CPU
		{F2C2DC6B-7DA2-4D45-B537-C5B04A1B56D3}.Release|Any CPU.ActiveCfg = Release|Any CPU
		{F2C2DC6B-7DA2-4D45-B537-C5B04A1B56D3}.Release|Any CPU.Build.0 = Release|Any CPU
	EndGlobalSection
	GlobalSection(SolutionProperties) = preSolution
		HideSolutionNode = FALSE
	EndGlobalSection
	GlobalSection(ExtensibilityGlobals) = postSolution
		SolutionGuid = {6160F7EF-743B-461B-A08D-DCACBDCBEDF1}
	EndGlobalSection
EndGlobal
